
Microsoft Visual Studio Solution File, Format Version 12.00
# Visual Studio Version 17
VisualStudioVersion = 17.11.35222.181
MinimumVisualStudioVersion = 10.0.40219.1
Project("{9A19103F-16F7-4668-BE54-9A1E7A4F7556}") = "MQTT_Producer", "MQTT_Producer\MQTT_Producer.csproj", "{1EF0C28B-7F22-49C8-A586-B92D0370E77F}"
EndProject
Project("{9A19103F-16F7-4668-BE54-9A1E7A4F7556}") = "MQTT_Consumer", "MQTT_Consumer\MQTT_Consumer.csproj", "{F968C030-1E1B-4FBA-B60A-9AA96C800EF7}"
EndProject
Project("{9A19103F-16F7-4668-BE54-9A1E7A4F7556}") = "MQTT_Producer_Sparkplug", "MQTT_Producer_Sparkplug\MQTT_Producer_Sparkplug.csproj", "{1E14D057-9B4A-483D-9EA9-4EB4F7842286}"
EndProject
Project("{FAE04EC0-301F-11D3-BF4B-00C04F79EFBC}") = "MQTT_Producer_SparkplugB_With_MQTTNet_Only", "MQTT_Producer_SparkplugB_With_MQTTNet_Only\MQTT_Producer_SparkplugB_With_MQTTNet_Only.csproj", "{5F9E40ED-F923-4B02-9215-9B0904DB84A5}"
EndProject
Project("{FAE04EC0-301F-11D3-BF4B-00C04F79EFBC}") = "MQTT_Consumer_SparkplugB_With_MQTTNet_Only", "MQTT_Consumer_SparkplugB_With_MQTTNet_Only\MQTT_Consumer_SparkplugB_With_MQTTNet_Only.csproj", "{E2420C04-2104-4C5A-9AC9-8689AA38DD93}"
EndProject
Project("{2150E333-8FDC-42A3-9474-1A3956D46DE8}") = "Solution Items", "Solution Items", "{FA63AC9E-DA3B-4B4B-B775-790F91A3591F}"
	ProjectSection(SolutionItems) = preProject
		Readme.md = Readme.md
		Relations.iuml = Relations.iuml
	EndProjectSection
EndProject
Global
	GlobalSection(SolutionConfigurationPlatforms) = preSolution
		Debug|Any CPU = Debug|Any CPU
		Release|Any CPU = Release|Any CPU
	EndGlobalSection
	GlobalSection(ProjectConfigurationPlatforms) = postSolution
		{1EF0C28B-7F22-49C8-A586-B92D0370E77F}.Debug|Any CPU.ActiveCfg = Debug|Any CPU
		{1EF0C28B-7F22-49C8-A586-B92D0370E77F}.Debug|Any CPU.Build.0 = Debug|Any CPU
		{1EF0C28B-7F22-49C8-A586-B92D0370E77F}.Release|Any CPU.ActiveCfg = Release|Any CPU
		{1EF0C28B-7F22-49C8-A586-B92D0370E77F}.Release|Any CPU.Build.0 = Release|Any CPU
		{F968C030-1E1B-4FBA-B60A-9AA96C800EF7}.Debug|Any CPU.ActiveCfg = Debug|Any CPU
		{F968C030-1E1B-4FBA-B60A-9AA96C800EF7}.Debug|Any CPU.Build.0 = Debug|Any CPU
		{F968C030-1E1B-4FBA-B60A-9AA96C800EF7}.Release|Any CPU.ActiveCfg = Release|Any CPU
		{F968C030-1E1B-4FBA-B60A-9AA96C800EF7}.Release|Any CPU.Build.0 = Release|Any CPU
		{1E14D057-9B4A-483D-9EA9-4EB4F7842286}.Debug|Any CPU.ActiveCfg = Debug|Any CPU
		{1E14D057-9B4A-483D-9EA9-4EB4F7842286}.Debug|Any CPU.Build.0 = Debug|Any CPU
		{1E14D057-9B4A-483D-9EA9-4EB4F7842286}.Release|Any CPU.ActiveCfg = Release|Any CPU
		{1E14D057-9B4A-483D-9EA9-4EB4F7842286}.Release|Any CPU.Build.0 = Release|Any CPU
		{5F9E40ED-F923-4B02-9215-9B0904DB84A5}.Debug|Any CPU.ActiveCfg = Debug|Any CPU
		{5F9E40ED-F923-4B02-9215-9B0904DB84A5}.Debug|Any CPU.Build.0 = Debug|Any CPU
		{5F9E40ED-F923-4B02-9215-9B0904DB84A5}.Release|Any CPU.ActiveCfg = Release|Any CPU
		{5F9E40ED-F923-4B02-9215-9B0904DB84A5}.Release|Any CPU.Build.0 = Release|Any CPU
		{E2420C04-2104-4C5A-9AC9-8689AA38DD93}.Debug|Any CPU.ActiveCfg = Debug|Any CPU
		{E2420C04-2104-4C5A-9AC9-8689AA38DD93}.Debug|Any CPU.Build.0 = Debug|Any CPU
		{E2420C04-2104-4C5A-9AC9-8689AA38DD93}.Release|Any CPU.ActiveCfg = Release|Any CPU
		{E2420C04-2104-4C5A-9AC9-8689AA38DD93}.Release|Any CPU.Build.0 = Release|Any CPU
	EndGlobalSection
	GlobalSection(SolutionProperties) = preSolution
		HideSolutionNode = FALSE
	EndGlobalSection
	GlobalSection(ExtensibilityGlobals) = postSolution
		SolutionGuid = {E91BA810-63E8-4EF1-8117-E24F87FAC023}
	EndGlobalSection
EndGlobal
